<Solution>
  <Folder Name="/src/">
    <Project Path="src/Rung.Abstractions/Rung.Abstractions.csproj" />
    <Project Path="src/Rung.Cli/Rung.Cli.csproj" />
    <Project Path="src/Rung.Configuration/Rung.Configuration.csproj" />
    <Project Path="src/Rung.Core/Rung.Core.csproj" />
    <Project Path="src/Rung.Drivers.Fins/Rung.Drivers.Fins.csproj" />
    <Project Path="src/Rung.Drivers.Melsec/Rung.Drivers.Melsec.csproj" />
    <Project Path="src/Rung.Drivers.Modbus/Rung.Drivers.Modbus.csproj" />
    <Project Path="src/Rung.Drivers.S7/Rung.Drivers.S7.csproj" />
    <Project Path="src/Rung.Host/Rung.Host.csproj" />
    <Project Path="src/Rung.Protocols.Fins/Rung.Protocols.Fins.csproj" />
    <Project Path="src/Rung.Protocols.Melsec/Rung.Protocols.Melsec.csproj" />
    <Project Path="src/Rung.Protocols.S7/Rung.Protocols.S7.csproj" />
    <Project Path="src/Rung.Simulator/Rung.Simulator.csproj" />
    <Project Path="src/Rung.Sinks.Mqtt/Rung.Sinks.Mqtt.csproj" />
    <Project Path="src/Rung.Sinks.Redis/Rung.Sinks.Redis.csproj" />
  </Folder>
  <Folder Name="/tests/">
    <Project Path="tests/Rung.Abstractions.Tests/Rung.Abstractions.Tests.csproj" />
    <Project Path="tests/Rung.Configuration.Tests/Rung.Configuration.Tests.csproj" />
    <Project Path="tests/Rung.Core.Tests/Rung.Core.Tests.csproj" />
    <Project Path="tests/Rung.Drivers.Fins.Tests/Rung.Drivers.Fins.Tests.csproj" />
    <Project Path="tests/Rung.Drivers.Melsec.Tests/Rung.Drivers.Melsec.Tests.csproj" />
    <Project Path="tests/Rung.Drivers.Modbus.Tests/Rung.Drivers.Modbus.Tests.csproj" />
    <Project Path="tests/Rung.Drivers.S7.Tests/Rung.Drivers.S7.Tests.csproj" />
    <Project Path="tests/Rung.Host.Tests/Rung.Host.Tests.csproj" />
    <Project Path="tests/Rung.Protocols.S7.Tests/Rung.Protocols.S7.Tests.csproj" />
    <Project Path="tests/Rung.Simulator.Tests/Rung.Simulator.Tests.csproj" />
    <Project Path="tests/Rung.Sinks.Mqtt.Tests/Rung.Sinks.Mqtt.Tests.csproj" />
    <Project Path="tests/Rung.Sinks.Redis.Tests/Rung.Sinks.Redis.Tests.csproj" />
  </Folder>
</Solution>
